// !$*UTF8*$!
{
	archiveVersion = 1;
	classes = {
	};
	objectVersion = 77;
	objects = {

/* Begin PBXContainerItemProxy section */
		DF5777732DDBB70400C10EB4 /* PBXContainerItemProxy */ = {
			isa = PBXContainerItemProxy;
			containerPortal = DF5777592DDBB70300C10EB4 /* Project object */;
			proxyType = 1;
			remoteGlobalIDString = DF5777602DDBB70300C10EB4;
			remoteInfo = OneTimePaste;
		};
		DF57777D2DDBB70400C10EB4 /* PBXContainerItemProxy */ = {
			isa = PBXContainerItemProxy;
			containerPortal = DF5777592DDBB70300C10EB4 /* Project object */;
			proxyType = 1;
			remoteGlobalIDString = DF5777602DDBB70300C10EB4;
			remoteInfo = OneTimePaste;
		};
/* End PBXContainerItemProxy section */

/* Begin PBXFileReference section */
		DF5777612DDBB70300C10EB4 /* OneTimePaste.app */ = {isa = PBXFileReference; explicitFileType = wrapper.application; includeInIndex = 0; path = OneTimePaste.app; sourceTree = BUILT_PRODUCTS_DIR; };
		DF5777722DDBB70400C10EB4 /* OneTimePasteTests.xctest */ = {isa = PBXFileReference; explicitFileType = wrapper.cfbundle; includeInIndex = 0; path = OneTimePasteTests.xctest; sourceTree = BUILT_PRODUCTS_DIR; };
		DF57777C2DDBB70400C10EB4 /* OneTimePasteUITests.xctest */ = {isa = PBXFileReference; explicitFileType = wrapper.cfbundle; includeInIndex = 0; path = OneTimePasteUITests.xctest; sourceTree = BUILT_PRODUCTS_DIR; };
/* End PBXFileReference section */

/* Begin PBXFileSystemSynchronizedRootGroup section */
		DF5777632DDBB70300C10EB4 /* OneTimePaste */ = {
			isa = PBXFileSystemSynchronizedRootGroup;
			path = OneTimePaste;
			sourceTree = "<group>";
		};
		DF5777752DDBB70400C10EB4 /* OneTimePasteTests */ = {
			isa = PBXFileSystemSynchronizedRootGroup;
			path = OneTimePasteTests;
			sourceTree = "<group>";
		};
		DF57777F2DDBB70400C10EB4 /* OneTimePasteUITests */ = {
			isa = PBXFileSystemSynchronizedRootGroup;
			path = OneTimePasteUITests;
			sourceTree = "<group>";
		};
/* End PBXFileSystemSynchronizedRootGroup section */

/* Begin PBXFrameworksBuildPhase section */
		DF57775E2DDBB70300C10EB4 /* Frameworks */ = {
			isa = PBXFrameworksBuildPhase;
			buildActionMask = 2147483647;
			files = (
			);
			runOnlyForDeploymentPostprocessing = 0;
		};
		DF57776F2DDBB70400C10EB4 /* Frameworks */ = {
			isa = PBXFrameworksBuildPhase;
			buildActionMask = 2147483647;
			files = (
			);
			runOnlyForDeploymentPostprocessing = 0;
		};
		DF5777792DDBB70400C10EB4 /* Frameworks */ = {
			isa = PBXFrameworksBuildPhase;
			buildActionMask = 2147483647;
			files = (
			);
			runOnlyForDeploymentPostprocessing = 0;
		};
/* End PBXFrameworksBuildPhase section */

/* Begin PBXGroup section */
		DF5777582DDBB70300C10EB4 = {
			isa = PBXGroup;
			children = (
				DF5777632DDBB70300C10EB4 /* OneTimePaste */,
				DF5777752DDBB70400C10EB4 /* OneTimePasteTests */,
				DF57777F2DDBB70400C10EB4 /* OneTimePasteUITests */,
				DF5777622DDBB70300C10EB4 /* Products */,
			);
			sourceTree = "<group>";
		};
		DF5777622DDBB70300C10EB4 /* Products */ = {
			isa = PBXGroup;
			children = (
				DF5777612DDBB70300C10EB4 /* OneTimePaste.app */,
				DF5777722DDBB70400C10EB4 /* OneTimePasteTests.xctest */,
				DF57777C2DDBB70400C10EB4 /* OneTimePasteUITests.xctest */,
			);
			name = Products;
			sourceTree = "<group>";
		};
/* End PBXGroup section */

/* Begin PBXNativeTarget section */
		DF5777602DDBB70300C10EB4 /* OneTimePaste */ = {
			isa = PBXNativeTarget;
			buildConfigurationList = DF5777862DDBB70400C10EB4 /* Build configuration list for PBXNativeTarget "OneTimePaste" */;
			buildPhases = (
				DF57775D2DDBB70300C10EB4 /* Sources */,
				DF57775E2DDBB70300C10EB4 /* Frameworks */,
				DF57775F2DDBB70300C10EB4 /* Resources */,
			);
			buildRules = (
			);
			dependencies = (
			);
			fileSystemSynchronizedGroups = (
				DF5777632DDBB70300C10EB4 /* OneTimePaste */,
			);
			name = OneTimePaste;
			packageProductDependencies = (
			);
			productName = OneTimePaste;
			productReference = DF5777612DDBB70300C10EB4 /* OneTimePaste.app */;
			productType = "com.apple.product-type.application";
		};
		DF5777712DDBB70400C10EB4 /* OneTimePasteTests */ = {
			isa = PBXNativeTarget;
			buildConfigurationList = DF5777892DDBB70400C10EB4 /* Build configuration list for PBXNativeTarget "OneTimePasteTests" */;
			buildPhases = (
				DF57776E2DDBB70400C10EB4 /* Sources */,
				DF57776F2DDBB70400C10EB4 /* Frameworks */,
				DF5777702DDBB70400C10EB4 /* Resources */,
			);
			buildRules = (
			);
			dependencies = (
				DF5777742DDBB70400C10EB4 /* PBXTargetDependency */,
			);
			fileSystemSynchronizedGroups = (
				DF5777752DDBB70400C10EB4 /* OneTimePasteTests */,
			);
			name = OneTimePasteTests;
			packageProductDependencies = (
			);
			productName = OneTimePasteTests;
			productReference = DF5777722DDBB70400C10EB4 /* OneTimePasteTests.xctest */;
			productType = "com.apple.product-type.bundle.unit-test";
		};
		DF57777B2DDBB70400C10EB4 /* OneTimePasteUITests */ = {
			isa = PBXNativeTarget;
			buildConfigurationList = DF57778C2DDBB70400C10EB4 /* Build configuration list for PBXNativeTarget "OneTimePasteUITests" */;
			buildPhases = (
				DF5777782DDBB70400C10EB4 /* Sources */,
				DF5777792DDBB70400C10EB4 /* Frameworks */,
				DF57777A2DDBB70400C10EB4 /* Resources */,
			);
			buildRules = (
			);
			dependencies = (
				DF57777E2DDBB70400C10EB4 /* PBXTargetDependency */,
			);
			fileSystemSynchronizedGroups = (
				DF57777F2DDBB70400C10EB4 /* OneTimePasteUITests */,
			);
			name = OneTimePasteUITests;
			packageProductDependencies = (
			);
			productName = OneTimePasteUITests;
			productReference = DF57777C2DDBB70400C10EB4 /* OneTimePasteUITests.xctest */;
			productType = "com.apple.product-type.bundle.ui-testing";
		};
/* End PBXNativeTarget section */

/* Begin PBXProject section */
		DF5777592DDBB70300C10EB4 /* Project object */ = {
			isa = PBXProject;
			attributes = {
				BuildIndependentTargetsInParallel = 1;
				LastSwiftUpdateCheck = 1620;
				LastUpgradeCheck = 1620;
				TargetAttributes = {
					DF5777602DDBB70300C10EB4 = {
						CreatedOnToolsVersion = 16.2;
					};
					DF5777712DDBB70400C10EB4 = {
						CreatedOnToolsVersion = 16.2;
						TestTargetID = DF5777602DDBB70300C10EB4;
					};
					DF57777B2DDBB70400C10EB4 = {
						CreatedOnToolsVersion = 16.2;
						TestTargetID = DF5777602DDBB70300C10EB4;
					};
				};
			};
			buildConfigurationList = DF57775C2DDBB70300C10EB4 /* Build configuration list for PBXProject "OneTimePaste" */;
			developmentRegion = en;
			hasScannedForEncodings = 0;
			knownRegions = (
				en,
				Base,
			);
			mainGroup = DF5777582DDBB70300C10EB4;
			minimizedProjectReferenceProxies = 1;
			preferredProjectObjectVersion = 77;
			productRefGroup = DF5777622DDBB70300C10EB4 /* Products */;
			projectDirPath = "";
			projectRoot = "";
			targets = (
				DF5777602DDBB70300C10EB4 /* OneTimePaste */,
				DF5777712DDBB70400C10EB4 /* OneTimePasteTests */,
				DF57777B2DDBB70400C10EB4 /* OneTimePasteUITests */,
			);
		};
/* End PBXProject section */

/* Begin PBXResourcesBuildPhase section */
		DF57775F2DDBB70300C10EB4 /* Resources */ = {
			isa = PBXResourcesBuildPhase;
			buildActionMask = 2147483647;
			files = (
			);
			runOnlyForDeploymentPostprocessing = 0;
		};
		DF5777702DDBB70400C10EB4 /* Resources */ = {
			isa = PBXResourcesBuildPhase;
			buildActionMask = 2147483647;
			files = (
			);
			runOnlyForDeploymentPostprocessing = 0;
		};
		DF57777A2DDBB70400C10EB4 /* Resources */ = {
			isa = PBXResourcesBuildPhase;
			buildActionMask = 2147483647;
			files = (
			);
			runOnlyForDeploymentPostprocessing = 0;
		};
/* End PBXResourcesBuildPhase section */

/* Begin PBXSourcesBuildPhase section */
		DF57775D2DDBB70300C10EB4 /* Sources */ = {
			isa = PBXSourcesBuildPhase;
			buildActionMask = 2147483647;
			files = (
			);
			runOnlyForDeploymentPostprocessing = 0;
		};
		DF57776E2DDBB70400C10EB4 /* Sources */ = {
			isa = PBXSourcesBuildPhase;
			buildActionMask = 2147483647;
			files = (
			);
			runOnlyForDeploymentPostprocessing = 0;
		};
		DF5777782DDBB70400C10EB4 /* Sources */ = {
			isa = PBXSourcesBuildPhase;
			buildActionMask = 2147483647;
			files = (
			);
			runOnlyForDeploymentPostprocessing = 0;
		};
/* End PBXSourcesBuildPhase section */

/* Begin PBXTargetDependency section */
		DF5777742DDBB70400C10EB4 /* PBXTargetDependency */ = {
			isa = PBXTargetDependency;
			target = DF5777602DDBB70300C10EB4 /* OneTimePaste */;
			targetProxy = DF5777732DDBB70400C10EB4 /* PBXContainerItemProxy */;
		};
		DF57777E2DDBB70400C10EB4 /* PBXTargetDependency */ = {
			isa = PBXTargetDependency;
			target = DF5777602DDBB70300C10EB4 /* OneTimePaste */;
			targetProxy = DF57777D2DDBB70400C10EB4 /* PBXContainerItemProxy */;
		};
/* End PBXTargetDependency section */

/* Begin XCBuildConfiguration section */
		DF5777842DDBB70400C10EB4 /* Debug */ = {
			isa = XCBuildConfiguration;
			buildSettings = {
				ALWAYS_SEARCH_USER_PATHS = NO;
				ASSETCATALOG_COMPILER_GENERATE_SWIFT_ASSET_SYMBOL_EXTENSIONS = YES;
				CLANG_ANALYZER_NONNULL = YES;
				CLANG_ANALYZER_NUMBER_OBJECT_CONVERSION = YES_AGGRESSIVE;
				CLANG_CXX_LANGUAGE_STANDARD = "gnu++20";
				CLANG_ENABLE_MODULES = YES;
				CLANG_ENABLE_OBJC_ARC = YES;
				CLANG_ENABLE_OBJC_WEAK = YES;
				CLANG_WARN_BLOCK_CAPTURE_AUTORELEASING = YES;
				CLANG_WARN_BOOL_CONVERSION = YES;
				CLANG_WARN_COMMA = YES;
				CLANG_WARN_CONSTANT_CONVERSION = YES;
				CLANG_WARN_DEPRECATED_OBJC_IMPLEMENTATIONS = YES;
				CLANG_WARN_DIRECT_OBJC_ISA_USAGE = YES_ERROR;
				CLANG_WARN_DOCUMENTATION_COMMENTS = YES;
				CLANG_WARN_EMPTY_BODY = YES;
				CLANG_WARN_ENUM_CONVERSION = YES;
				CLANG_WARN_INFINITE_RECURSION = YES;
				CLANG_WARN_INT_CONVERSION = YES;
				CLANG_WARN_NON_LITERAL_NULL_CONVERSION = YES;
				CLANG_WARN_OBJC_IMPLICIT_RETAIN_SELF = YES;
				CLANG_WARN_OBJC_LITERAL_CONVERSION = YES;
				CLANG_WARN_OBJC_ROOT_CLASS = YES_ERROR;
				CLANG_WARN_QUOTED_INCLUDE_IN_FRAMEWORK_HEADER = YES;
				CLANG_WARN_RANGE_LOOP_ANALYSIS = YES;
				CLANG_WARN_STRICT_PROTOTYPES = YES;
				CLANG_WARN_SUSPICIOUS_MOVE = YES;
				CLANG_WARN_UNGUARDED_AVAILABILITY = YES_AGGRESSIVE;
				CLANG_WARN_UNREACHABLE_CODE = YES;
				CLANG_WARN__DUPLICATE_METHOD_MATCH = YES;
				COPY_PHASE_STRIP = NO;
				DEBUG_INFORMATION_FORMAT = dwarf;
				ENABLE_STRICT_OBJC_MSGSEND = YES;
				ENABLE_TESTABILITY = YES;
				ENABLE_USER_SCRIPT_SANDBOXING = YES;
				GCC_C_LANGUAGE_STANDARD = gnu17;
				GCC_DYNAMIC_NO_PIC = NO;
				GCC_NO_COMMON_BLOCKS = YES;
				GCC_OPTIMIZATION_LEVEL = 0;
				GCC_PREPROCESSOR_DEFINITIONS = (
					"DEBUG=1",
					"$(inherited)",
				);
				GCC_WARN_64_TO_32_BIT_CONVERSION = YES;
				GCC_WARN_ABOUT_RETURN_TYPE = YES_ERROR;
				GCC_WARN_UNDECLARED_SELECTOR = YES;
				GCC_WARN_UNINITIALIZED_AUTOS = YES_AGGRESSIVE;
				GCC_WARN_UNUSED_FUNCTION = YES;
				GCC_WARN_UNUSED_VARIABLE = YES;
				LOCALIZATION_PREFERS_STRING_CATALOGS = YES;
				MACOSX_DEPLOYMENT_TARGET = 15.2;
				MTL_ENABLE_DEBUG_INFO = INCLUDE_SOURCE;
				MTL_FAST_MATH = YES;
				ONLY_ACTIVE_ARCH = YES;
				SDKROOT = macosx;
				SWIFT_ACTIVE_COMPILATION_CONDITIONS = "DEBUG $(inherited)";
				SWIFT_OPTIMIZATION_LEVEL = "-Onone";
			};
			name = Debug;
		};
		DF5777852DDBB70400C10EB4 /* Release */ = {
			isa = XCBuildConfiguration;
			buildSettings = {
				ALWAYS_SEARCH_USER_PATHS = NO;
				ASSETCATALOG_COMPILER_GENERATE_SWIFT_ASSET_SYMBOL_EXTENSIONS = YES;
				CLANG_ANALYZER_NONNULL = YES;
				CLANG_ANALYZER_NUMBER_OBJECT_CONVERSION = YES_AGGRESSIVE;
				CLANG_CXX_LANGUAGE_STANDARD = "gnu++20";
				CLANG_ENABLE_MODULES = YES;
				CLANG_ENABLE_OBJC_ARC = YES;
				CLANG_ENABLE_OBJC_WEAK = YES;
				CLANG_WARN_BLOCK_CAPTURE_AUTORELEASING = YES;
				CLANG_WARN_BOOL_CONVERSION = YES;
				CLANG_WARN_COMMA = YES;
				CLANG_WARN_CONSTANT_CONVERSION = YES;
				CLANG_WARN_DEPRECATED_OBJC_IMPLEMENTATIONS = YES;
				CLANG_WARN_DIRECT_OBJC_ISA_USAGE = YES_ERROR;
				CLANG_WARN_DOCUMENTATION_COMMENTS = YES;
				CLANG_WARN_EMPTY_BODY = YES;
				CLANG_WARN_ENUM_CONVERSION = YES;
				CLANG_WARN_INFINITE_RECURSION = YES;
				CLANG_WARN_INT_CONVERSION = YES;
				CLANG_WARN_NON_LITERAL_NULL_CONVERSION = YES;
				CLANG_WARN_OBJC_IMPLICIT_RETAIN_SELF = YES;
				CLANG_WARN_OBJC_LITERAL_CONVERSION = YES;
				CLANG_WARN_OBJC_ROOT_CLASS = YES_ERROR;
				CLANG_WARN_QUOTED_INCLUDE_IN_FRAMEWORK_HEADER = YES;
				CLANG_WARN_RANGE_LOOP_ANALYSIS = YES;
				CLANG_WARN_STRICT_PROTOTYPES = YES;
				CLANG_WARN_SUSPICIOUS_MOVE = YES;
				CLANG_WARN_UNGUARDED_AVAILABILITY = YES_AGGRESSIVE;
				CLANG_WARN_UNREACHABLE_CODE = YES;
				CLANG_WARN__DUPLICATE_METHOD_MATCH = YES;
				COPY_PHASE_STRIP = NO;
				DEBUG_INFORMATION_FORMAT = "dwarf-with-dsym";
				ENABLE_NS_ASSERTIONS = NO;
				ENABLE_STRICT_OBJC_MSGSEND = YES;
				ENABLE_USER_SCRIPT_SANDBOXING = YES;
				GCC_C_LANGUAGE_STANDARD = gnu17;
				GCC_NO_COMMON_BLOCKS = YES;
				GCC_WARN_64_TO_32_BIT_CONVERSION = YES;
				GCC_WARN_ABOUT_RETURN_TYPE = YES_ERROR;
				GCC_WARN_UNDECLARED_SELECTOR = YES;
				GCC_WARN_UNINITIALIZED_AUTOS = YES_AGGRESSIVE;
				GCC_WARN_UNUSED_FUNCTION = YES;
				GCC_WARN_UNUSED_VARIABLE = YES;
				LOCALIZATION_PREFERS_STRING_CATALOGS = YES;
				MACOSX_DEPLOYMENT_TARGET = 15.2;
				MTL_ENABLE_DEBUG_INFO = NO;
				MTL_FAST_MATH = YES;
				SDKROOT = macosx;
				SWIFT_COMPILATION_MODE = wholemodule;
			};
			name = Release;
		};
		DF5777872DDBB70400C10EB4 /* Debug */ = {
			isa = XCBuildConfiguration;
			buildSettings = {
				ASSETCATALOG_COMPILER_APPICON_NAME = AppIcon;
				ASSETCATALOG_COMPILER_GLOBAL_ACCENT_COLOR_NAME = AccentColor;
				CODE_SIGN_ENTITLEMENTS = OneTimePaste/OneTimePaste.entitlements;
				CODE_SIGN_IDENTITY = "Apple Development";
				"CODE_SIGN_IDENTITY[sdk=macosx*]" = "Apple Development";
				CODE_SIGN_STYLE = Automatic;
				COMBINE_HIDPI_IMAGES = YES;
				CURRENT_PROJECT_VERSION = 1;
				DEVELOPMENT_ASSET_PATHS = "\"OneTimePaste/Preview Content\"";
				DEVELOPMENT_TEAM = MXR2X7WRD5;
				ENABLE_HARDENED_RUNTIME = YES;
				ENABLE_PREVIEWS = YES;
				GENERATE_INFOPLIST_FILE = YES;
				INFOPLIST_FILE = OneTimePaste/Info.plist;
				INFOPLIST_KEY_NSAppleEventsUsageDescription = "This app uses AppleScript to interact with Messages and System Events.";
				INFOPLIST_KEY_NSHumanReadableCopyright = "";
				INFOPLIST_KEY_NSPrincipalClass = NSApplication;
				LD_RUNPATH_SEARCH_PATHS = (
					"$(inherited)",
					"@executable_path/../Frameworks",
				);
				MARKETING_VERSION = 1.0;
				PRODUCT_BUNDLE_IDENTIFIER = com.aidenappleby.OneTimePaste;
				PRODUCT_NAME = "$(TARGET_NAME)";
				PROVISIONING_PROFILE_SPECIFIER = "";
				SWIFT_EMIT_LOC_STRINGS = YES;
				SWIFT_VERSION = 5.0;
			};
			name = Debug;
		};
		DF5777882DDBB70400C10EB4 /* Release */ = {
			isa = XCBuildConfiguration;
			buildSettings = {
				ASSETCATALOG_COMPILER_APPICON_NAME = AppIcon;
				ASSETCATALOG_COMPILER_GLOBAL_ACCENT_COLOR_NAME = AccentColor;
				CODE_SIGN_ENTITLEMENTS = OneTimePaste/OneTimePaste.entitlements;
				CODE_SIGN_IDENTITY = "Apple Development";
				"CODE_SIGN_IDENTITY[sdk=macosx*]" = "Apple Development";
				CODE_SIGN_STYLE = Automatic;
				COMBINE_HIDPI_IMAGES = YES;
				CURRENT_PROJECT_VERSION = 1;
				DEVELOPMENT_ASSET_PATHS = "\"OneTimePaste/Preview Content\"";
				DEVELOPMENT_TEAM = MXR2X7WRD5;
				ENABLE_HARDENED_RUNTIME = YES;
				ENABLE_PREVIEWS = YES;
				GENERATE_INFOPLIST_FILE = YES;
				INFOPLIST_FILE = OneTimePaste/Info.plist;
				INFOPLIST_KEY_NSAppleEventsUsageDescription = "This app uses AppleScript to interact with Messages and System Events.";
				INFOPLIST_KEY_NSHumanReadableCopyright = "";
				INFOPLIST_KEY_NSPrincipalClass = NSApplication;
				LD_RUNPATH_SEARCH_PATHS = (
					"$(inherited)",
					"@executable_path/../Frameworks",
				);
				MARKETING_VERSION = 1.0;
				PRODUCT_BUNDLE_IDENTIFIER = com.aidenappleby.OneTimePaste;
				PRODUCT_NAME = "$(TARGET_NAME)";
				PROVISIONING_PROFILE_SPECIFIER = "";
				SWIFT_EMIT_LOC_STRINGS = YES;
				SWIFT_VERSION = 5.0;
			};
			name = Release;
		};
		DF57778A2DDBB70400C10EB4 /* Debug */ = {
			isa = XCBuildConfiguration;
			buildSettings = {
				BUNDLE_LOADER = "$(TEST_HOST)";
				CODE_SIGN_STYLE = Automatic;
				CURRENT_PROJECT_VERSION = 1;
				DEVELOPMENT_TEAM = MXR2X7WRD5;
				GENERATE_INFOPLIST_FILE = YES;
				MACOSX_DEPLOYMENT_TARGET = 15.2;
				MARKETING_VERSION = 1.0;
				PRODUCT_BUNDLE_IDENTIFIER = com.aidenappleby.OneTimePasteTests;
				PRODUCT_NAME = "$(TARGET_NAME)";
				SWIFT_EMIT_LOC_STRINGS = NO;
				SWIFT_VERSION = 5.0;
				TEST_HOST = "$(BUILT_PRODUCTS_DIR)/OneTimePaste.app/$(BUNDLE_EXECUTABLE_FOLDER_PATH)/OneTimePaste";
			};
			name = Debug;
		};
		DF57778B2DDBB70400C10EB4 /* Release */ = {
			isa = XCBuildConfiguration;
			buildSettings = {
				BUNDLE_LOADER = "$(TEST_HOST)";
				CODE_SIGN_STYLE = Automatic;
				CURRENT_PROJECT_VERSION = 1;
				DEVELOPMENT_TEAM = MXR2X7WRD5;
				GENERATE_INFOPLIST_FILE = YES;
				MACOSX_DEPLOYMENT_TARGET = 15.2;
				MARKETING_VERSION = 1.0;
				PRODUCT_BUNDLE_IDENTIFIER = com.aidenappleby.OneTimePasteTests;
				PRODUCT_NAME = "$(TARGET_NAME)";
				SWIFT_EMIT_LOC_STRINGS = NO;
				SWIFT_VERSION = 5.0;
				TEST_HOST = "$(BUILT_PRODUCTS_DIR)/OneTimePaste.app/$(BUNDLE_EXECUTABLE_FOLDER_PATH)/OneTimePaste";
			};
			name = Release;
		};
		DF57778D2DDBB70400C10EB4 /* Debug */ = {
			isa = XCBuildConfiguration;
			buildSettings = {
				CODE_SIGN_STYLE = Automatic;
				CURRENT_PROJECT_VERSION = 1;
				DEVELOPMENT_TEAM = MXR2X7WRD5;
				GENERATE_INFOPLIST_FILE = YES;
				MARKETING_VERSION = 1.0;
				PRODUCT_BUNDLE_IDENTIFIER = com.aidenappleby.OneTimePasteUITests;
				PRODUCT_NAME = "$(TARGET_NAME)";
				SWIFT_EMIT_LOC_STRINGS = NO;
				SWIFT_VERSION = 5.0;
				TEST_TARGET_NAME = OneTimePaste;
			};
			name = Debug;
		};
		DF57778E2DDBB70400C10EB4 /* Release */ = {
			isa = XCBuildConfiguration;
			buildSettings = {
				CODE_SIGN_STYLE = Automatic;
				CURRENT_PROJECT_VERSION = 1;
				DEVELOPMENT_TEAM = MXR2X7WRD5;
				GENERATE_INFOPLIST_FILE = YES;
				MARKETING_VERSION = 1.0;
				PRODUCT_BUNDLE_IDENTIFIER = com.aidenappleby.OneTimePasteUITests;
				PRODUCT_NAME = "$(TARGET_NAME)";
				SWIFT_EMIT_LOC_STRINGS = NO;
				SWIFT_VERSION = 5.0;
				TEST_TARGET_NAME = OneTimePaste;
			};
			name = Release;
		};
/* End XCBuildConfiguration section */

/* Begin XCConfigurationList section */
		DF57775C2DDBB70300C10EB4 /* Build configuration list for PBXProject "OneTimePaste" */ = {
			isa = XCConfigurationList;
			buildConfigurations = (
				DF5777842DDBB70400C10EB4 /* Debug */,
				DF5777852DDBB70400C10EB4 /* Release */,
			);
			defaultConfigurationIsVisible = 0;
			defaultConfigurationName = Release;
		};
		DF5777862DDBB70400C10EB4 /* Build configuration list for PBXNativeTarget "OneTimePaste" */ = {
			isa = XCConfigurationList;
			buildConfigurations = (
				DF5777872DDBB70400C10EB4 /* Debug */,
				DF5777882DDBB70400C10EB4 /* Release */,
			);
			defaultConfigurationIsVisible = 0;
			defaultConfigurationName = Release;
		};
		DF5777892DDBB70400C10EB4 /* Build configuration list for PBXNativeTarget "OneTimePasteTests" */ = {
			isa = XCConfigurationList;
			buildConfigurations = (
				DF57778A2DDBB70400C10EB4 /* Debug */,
				DF57778B2DDBB70400C10EB4 /* Release */,
			);
			defaultConfigurationIsVisible = 0;
			defaultConfigurationName = Release;
		};
		DF57778C2DDBB70400C10EB4 /* Build configuration list for PBXNativeTarget "OneTimePasteUITests" */ = {
			isa = XCConfigurationList;
			buildConfigurations = (
				DF57778D2DDBB70400C10EB4 /* Debug */,
				DF57778E2DDBB70400C10EB4 /* Release */,
			);
			defaultConfigurationIsVisible = 0;
			defaultConfigurationName = Release;
		};
/* End XCConfigurationList section */
	};
	rootObject = DF5777592DDBB70300C10EB4 /* Project object */;
}
